github.com/miekg/dns v1.0.4 h1:Ec3LTJwwzqT1++63P12fhtdEbQhtPE7TBdD6rlhqrMM=
github.com/miekg/dns v1.0.4/go.mod h1:W1PPwlIAgtquWBMBEV9nkV9Cazfe8ScdGz/Lj7v3Nrg=
github.com/urfave/cli v1.20.0 h1:fDqGv3UG/4jbVl/QkFwEdddtEDjh/5Ov6X+0B/3bPaw=
github.com/urfave/cli v1.20.0/go.mod h1:70zkFmudgCuE/ngEzBv17Jvp/497gISqfk5gWijbERA=
github.com/xenolf/lego v0.0.0-20180315120156-a149e7d6506f h1:g6glgfALBJrsfmjeuVp8ijg6rx2ix1qtUTA3OT3p9gA=
github.com/xenolf/lego v0.0.0-20180315120156-a149e7d6506f/go.mod h1:fwiGnfsIjG7OHPfOvgK7Y/Qo6+2Ox0iozjNTkZICKbY=
golang.org/x/crypto v0.0.0-20180316180149-374053ea96cb h1:O6ztCaemiMr99EgJdgXrr0J7N0EQN1oky/0GxML9Avk=
golang.org/x/crypto v0.0.0-20180316180149-374053ea96cb/go.mod h1:6SG95UA2DQfeDnfUPMdvaQW0Q7yPrPDi9nlGo2tz2b4=
golang.org/x/net v0.0.0-20180317175401-24dd3780ca4f h1:0boFcGnduzgIGptcBMbxdHgHx5GEfTZcuzbve08cTLQ=
golang.org/x/net v0.0.0-20180317175401-24dd3780ca4f/go.mod h1:mL1N/T3taQHkDXs73rZJwtUhF3w3ftmwwsq0BUmARs4=
gopkg.in/square/go-jose.v1 v1.1.0 h1:T/KcERvxOFKL2QzwvOsP0l5xRvvhTlwcTxw5qad61pQ=
gopkg.in/square/go-jose.v1 v1.1.0/go.mod h1:QpYS+a4WhS+DTlyQIi6Ka7MS3SuR9a055rgXNEe6EiA=
gopkg.in/square/go-jose.v2 v2.1.9 h1:YCFbL5T2gbmC2sMG12s1x2PAlTK5TZNte3hjZEIcCAg=
gopkg.in/square/go-jose.v2 v2.1.9/go.mod h1:M9dMgbHiYLoDGQrXy7OpJDJWiKiU//h+vD76mk0e1AI=
