# This file is autogenerated, do not edit; changes may be undone by the next 'dep ensure'.


[[projects]]
  name = "github.com/miekg/dns"
  packages = ["."]
  revision = "5364553f1ee9cddc7ac8b62dce148309c386695b"
  version = "v1.0.4"

[[projects]]
  name = "github.com/urfave/cli"
  packages = ["."]
  revision = "cfb38830724cc34fedffe9a2a29fb54fa9169cd1"
  version = "v1.20.0"

[[projects]]
  branch = "acmev2"
  name = "github.com/xenolf/lego"
  packages = ["acme","providers/http/webroot"]
  revision = "a149e7d6506feb4003da7093cbf818c6b75ed4a4"

[[projects]]
  branch = "master"
  name = "golang.org/x/crypto"
  packages = ["ed25519","ed25519/internal/edwards25519","ocsp"]
  revision = "374053ea96cb300f8671b8d3b07edeeb06e203b4"

[[projects]]
  branch = "master"
  name = "golang.org/x/net"
  packages = ["bpf","internal/iana","internal/socket","ipv4","ipv6"]
  revision = "24dd3780ca4f75fed9f321890729414a4b5d3f13"

[[projects]]
  name = "gopkg.in/square/go-jose.v1"
  packages = [".","cipher","json"]
  revision = "aa2e30fdd1fe9dd3394119af66451ae790d50e0d"
  version = "v1.1.0"

[solve-meta]
  analyzer-name = "dep"
  analyzer-version = 1
  inputs-digest = "593c8f037a3cd745a526914844a558541968b0b368600ccd71769c593b35017d"
  solver-name = "gps-cdcl"
  solver-version = 1
